# THIS IS AN AUTOGENERATED FILE. DO NOT EDIT THIS FILE DIRECTLY.
# yarn lockfile v1


prevent-pull-refresh@^1.0.5:
  version "1.0.5"
  resolved "https://registry.yarnpkg.com/prevent-pull-refresh/-/prevent-pull-refresh-1.0.5.tgz#586f58b85a15ebdae53f1ce4942fec283a6eb69f"
  integrity sha512-3O3s5cK/IYmU/0Xyb3KFDy0TvcC46NefOWgfiMYAUN+teixkk6Ibewd/RkpGkq0EsqHrl9sE8qGzUvOGCO+m3g==
